// !$*UTF8*$!
{
	archiveVersion = 1;
	classes = {
	};
	objectVersion = 46;
	objects = {

/* Begin PBXBuildFile section */
		7504AB4F1C15D0250018CCCF /* ByteDict.swift in Sources */ = {isa = PBXBuildFile; fileRef = 7504AB4E1C15D0250018CCCF /* ByteDict.swift */; };
		751481681C15B97B00821A87 /* MainWindowController.swift in Sources */ = {isa = PBXBuildFile; fileRef = 751481661C15B97B00821A87 /* MainWindowController.swift */; };
		751481691C15B97B00821A87 /* MainWindowController.xib in Resources */ = {isa = PBXBuildFile; fileRef = 751481671C15B97B00821A87 /* MainWindowController.xib */; };
		7514816D1C15BD1600821A87 /* Encoder.swift in Sources */ = {isa = PBXBuildFile; fileRef = 7514816C1C15BD1600821A87 /* Encoder.swift */; };
		751481711C15BD5900821A87 /* Data.swift in Sources */ = {isa = PBXBuildFile; fileRef = 751481701C15BD5900821A87 /* Data.swift */; };
		7558D91E1C15CC44000E5909 /* File.swift in Sources */ = {isa = PBXBuildFile; fileRef = 7558D91D1C15CC44000E5909 /* File.swift */; };
		755FEDF11C15D5DE00AB99E9 /* Strings.swift in Sources */ = {isa = PBXBuildFile; fileRef = 755FEDF01C15D5DE00AB99E9 /* Strings.swift */; };
		75F6DED51C15B8ED0026F001 /* AppDelegate.swift in Sources */ = {isa = PBXBuildFile; fileRef = 75F6DED41C15B8ED0026F001 /* AppDelegate.swift */; };
		75F6DED71C15B8ED0026F001 /* Assets.xcassets in Resources */ = {isa = PBXBuildFile; fileRef = 75F6DED61C15B8ED0026F001 /* Assets.xcassets */; };
		75F6DEDA1C15B8ED0026F001 /* MainMenu.xib in Resources */ = {isa = PBXBuildFile; fileRef = 75F6DED81C15B8ED0026F001 /* MainMenu.xib */; };
		75F6DEE51C15B8ED0026F001 /* EncoderTests.swift in Sources */ = {isa = PBXBuildFile; fileRef = 75F6DEE41C15B8ED0026F001 /* EncoderTests.swift */; };
		75F6DEF01C15B8ED0026F001 /* EncoderUITests.swift in Sources */ = {isa = PBXBuildFile; fileRef = 75F6DEEF1C15B8ED0026F001 /* EncoderUITests.swift */; };
/* End PBXBuildFile section */

/* Begin PBXContainerItemProxy section */
		75F6DEE11C15B8ED0026F001 /* PBXContainerItemProxy */ = {
			isa = PBXContainerItemProxy;
			containerPortal = 75F6DEC91C15B8ED0026F001 /* Project object */;
			proxyType = 1;
			remoteGlobalIDString = 75F6DED01C15B8ED0026F001;
			remoteInfo = Encoder;
		};
		75F6DEEC1C15B8ED0026F001 /* PBXContainerItemProxy */ = {
			isa = PBXContainerItemProxy;
			containerPortal = 75F6DEC91C15B8ED0026F001 /* Project object */;
			proxyType = 1;
			remoteGlobalIDString = 75F6DED01C15B8ED0026F001;
			remoteInfo = Encoder;
		};
/* End PBXContainerItemProxy section */

/* Begin PBXFileReference section */
		7504AB4E1C15D0250018CCCF /* ByteDict.swift */ = {isa = PBXFileReference; fileEncoding = 4; lastKnownFileType = sourcecode.swift; path = ByteDict.swift; sourceTree = "<group>"; };
		751481661C15B97B00821A87 /* MainWindowController.swift */ = {isa = PBXFileReference; fileEncoding = 4; lastKnownFileType = sourcecode.swift; path = MainWindowController.swift; sourceTree = "<group>"; };
		751481671C15B97B00821A87 /* MainWindowController.xib */ = {isa = PBXFileReference; fileEncoding = 4; lastKnownFileType = file.xib; path = MainWindowController.xib; sourceTree = "<group>"; };
		7514816C1C15BD1600821A87 /* Encoder.swift */ = {isa = PBXFileReference; fileEncoding = 4; lastKnownFileType = sourcecode.swift; path = Encoder.swift; sourceTree = "<group>"; };
		751481701C15BD5900821A87 /* Data.swift */ = {isa = PBXFileReference; fileEncoding = 4; lastKnownFileType = sourcecode.swift; path = Data.swift; sourceTree = "<group>"; };
		7558D91D1C15CC44000E5909 /* File.swift */ = {isa = PBXFileReference; fileEncoding = 4; lastKnownFileType = sourcecode.swift; path = File.swift; sourceTree = "<group>"; };
		755FEDF01C15D5DE00AB99E9 /* Strings.swift */ = {isa = PBXFileReference; fileEncoding = 4; lastKnownFileType = sourcecode.swift; path = Strings.swift; sourceTree = "<group>"; };
		75F6DED11C15B8ED0026F001 /* Encoder.app */ = {isa = PBXFileReference; explicitFileType = wrapper.application; includeInIndex = 0; path = Encoder.app; sourceTree = BUILT_PRODUCTS_DIR; };
		75F6DED41C15B8ED0026F001 /* AppDelegate.swift */ = {isa = PBXFileReference; lastKnownFileType = sourcecode.swift; path = AppDelegate.swift; sourceTree = "<group>"; };
		75F6DED61C15B8ED0026F001 /* Assets.xcassets */ = {isa = PBXFileReference; lastKnownFileType = folder.assetcatalog; path = Assets.xcassets; sourceTree = "<group>"; };
		75F6DED91C15B8ED0026F001 /* Base */ = {isa = PBXFileReference; lastKnownFileType = file.xib; name = Base; path = Base.lproj/MainMenu.xib; sourceTree = "<group>"; };
		75F6DEDB1C15B8ED0026F001 /* Info.plist */ = {isa = PBXFileReference; lastKnownFileType = text.plist.xml; path = Info.plist; sourceTree = "<group>"; };
		75F6DEE01C15B8ED0026F001 /* EncoderTests.xctest */ = {isa = PBXFileReference; explicitFileType = wrapper.cfbundle; includeInIndex = 0; path = EncoderTests.xctest; sourceTree = BUILT_PRODUCTS_DIR; };
		75F6DEE41C15B8ED0026F001 /* EncoderTests.swift */ = {isa = PBXFileReference; lastKnownFileType = sourcecode.swift; path = EncoderTests.swift; sourceTree = "<group>"; };
		75F6DEE61C15B8ED0026F001 /* Info.plist */ = {isa = PBXFileReference; lastKnownFileType = text.plist.xml; path = Info.plist; sourceTree = "<group>"; };
		75F6DEEB1C15B8ED0026F001 /* EncoderUITests.xctest */ = {isa = PBXFileReference; explicitFileType = wrapper.cfbundle; includeInIndex = 0; path = EncoderUITests.xctest; sourceTree = BUILT_PRODUCTS_DIR; };
		75F6DEEF1C15B8ED0026F001 /* EncoderUITests.swift */ = {isa = PBXFileReference; lastKnownFileType = sourcecode.swift; path = EncoderUITests.swift; sourceTree = "<group>"; };
		75F6DEF11C15B8ED0026F001 /* Info.plist */ = {isa = PBXFileReference; lastKnownFileType = text.plist.xml; path = Info.plist; sourceTree = "<group>"; };
/* End PBXFileReference section */

/* Begin PBXFrameworksBuildPhase section */
		75F6DECE1C15B8ED0026F001 /* Frameworks */ = {
			isa = PBXFrameworksBuildPhase;
			buildActionMask = 2147483647;
			files = (
			);
			runOnlyForDeploymentPostprocessing = 0;
		};
		75F6DEDD1C15B8ED0026F001 /* Frameworks */ = {
			isa = PBXFrameworksBuildPhase;
			buildActionMask = 2147483647;
			files = (
			);
			runOnlyForDeploymentPostprocessing = 0;
		};
		75F6DEE81C15B8ED0026F001 /* Frameworks */ = {
			isa = PBXFrameworksBuildPhase;
			buildActionMask = 2147483647;
			files = (
			);
			runOnlyForDeploymentPostprocessing = 0;
		};
/* End PBXFrameworksBuildPhase section */

/* Begin PBXGroup section */
		75F6DEC81C15B8ED0026F001 = {
			isa = PBXGroup;
			children = (
				75F6DED31C15B8ED0026F001 /* Encoder */,
				75F6DEE31C15B8ED0026F001 /* EncoderTests */,
				75F6DEEE1C15B8ED0026F001 /* EncoderUITests */,
				75F6DED21C15B8ED0026F001 /* Products */,
			);
			sourceTree = "<group>";
		};
		75F6DED21C15B8ED0026F001 /* Products */ = {
			isa = PBXGroup;
			children = (
				75F6DED11C15B8ED0026F001 /* Encoder.app */,
				75F6DEE01C15B8ED0026F001 /* EncoderTests.xctest */,
				75F6DEEB1C15B8ED0026F001 /* EncoderUITests.xctest */,
			);
			name = Products;
			sourceTree = "<group>";
		};
		75F6DED31C15B8ED0026F001 /* Encoder */ = {
			isa = PBXGroup;
			children = (
				75F6DED41C15B8ED0026F001 /* AppDelegate.swift */,
				751481701C15BD5900821A87 /* Data.swift */,
				7504AB4E1C15D0250018CCCF /* ByteDict.swift */,
				7514816C1C15BD1600821A87 /* Encoder.swift */,
				7558D91D1C15CC44000E5909 /* File.swift */,
				751481661C15B97B00821A87 /* MainWindowController.swift */,
				755FEDF01C15D5DE00AB99E9 /* Strings.swift */,
				75F6DED61C15B8ED0026F001 /* Assets.xcassets */,
				75F6DED81C15B8ED0026F001 /* MainMenu.xib */,
				751481671C15B97B00821A87 /* MainWindowController.xib */,
				75F6DEDB1C15B8ED0026F001 /* Info.plist */,
			);
			path = Encoder;
			sourceTree = "<group>";
		};
		75F6DEE31C15B8ED0026F001 /* EncoderTests */ = {
			isa = PBXGroup;
			children = (
				75F6DEE41C15B8ED0026F001 /* EncoderTests.swift */,
				75F6DEE61C15B8ED0026F001 /* Info.plist */,
			);
			path = EncoderTests;
			sourceTree = "<group>";
		};
		75F6DEEE1C15B8ED0026F001 /* EncoderUITests */ = {
			isa = PBXGroup;
			children = (
				75F6DEEF1C15B8ED0026F001 /* EncoderUITests.swift */,
				75F6DEF11C15B8ED0026F001 /* Info.plist */,
			);
			path = EncoderUITests;
			sourceTree = "<group>";
		};
/* End PBXGroup section */

/* Begin PBXNativeTarget section */
		75F6DED01C15B8ED0026F001 /* Encoder */ = {
			isa = PBXNativeTarget;
			buildConfigurationList = 75F6DEF41C15B8ED0026F001 /* Build configuration list for PBXNativeTarget "Encoder" */;
			buildPhases = (
				75F6DECD1C15B8ED0026F001 /* Sources */,
				75F6DECE1C15B8ED0026F001 /* Frameworks */,
				75F6DECF1C15B8ED0026F001 /* Resources */,
			);
			buildRules = (
			);
			dependencies = (
			);
			name = Encoder;
			productName = Encoder;
			productReference = 75F6DED11C15B8ED0026F001 /* Encoder.app */;
			productType = "com.apple.product-type.application";
		};
		75F6DEDF1C15B8ED0026F001 /* EncoderTests */ = {
			isa = PBXNativeTarget;
			buildConfigurationList = 75F6DEF71C15B8ED0026F001 /* Build configuration list for PBXNativeTarget "EncoderTests" */;
			buildPhases = (
				75F6DEDC1C15B8ED0026F001 /* Sources */,
				75F6DEDD1C15B8ED0026F001 /* Frameworks */,
				75F6DEDE1C15B8ED0026F001 /* Resources */,
			);
			buildRules = (
			);
			dependencies = (
				75F6DEE21C15B8ED0026F001 /* PBXTargetDependency */,
			);
			name = EncoderTests;
			productName = EncoderTests;
			productReference = 75F6DEE01C15B8ED0026F001 /* EncoderTests.xctest */;
			productType = "com.apple.product-type.bundle.unit-test";
		};
		75F6DEEA1C15B8ED0026F001 /* EncoderUITests */ = {
			isa = PBXNativeTarget;
			buildConfigurationList = 75F6DEFA1C15B8ED0026F001 /* Build configuration list for PBXNativeTarget "EncoderUITests" */;
			buildPhases = (
				75F6DEE71C15B8ED0026F001 /* Sources */,
				75F6DEE81C15B8ED0026F001 /* Frameworks */,
				75F6DEE91C15B8ED0026F001 /* Resources */,
			);
			buildRules = (
			);
			dependencies = (
				75F6DEED1C15B8ED0026F001 /* PBXTargetDependency */,
			);
			name = EncoderUITests;
			productName = EncoderUITests;
			productReference = 75F6DEEB1C15B8ED0026F001 /* EncoderUITests.xctest */;
			productType = "com.apple.product-type.bundle.ui-testing";
		};
/* End PBXNativeTarget section */

/* Begin PBXProject section */
		75F6DEC91C15B8ED0026F001 /* Project object */ = {
			isa = PBXProject;
			attributes = {
				LastSwiftUpdateCheck = 0710;
				LastUpgradeCheck = 0710;
				ORGANIZATIONNAME = "Tom Elliott";
				TargetAttributes = {
					75F6DED01C15B8ED0026F001 = {
						CreatedOnToolsVersion = 7.1.1;
					};
					75F6DEDF1C15B8ED0026F001 = {
						CreatedOnToolsVersion = 7.1.1;
						TestTargetID = 75F6DED01C15B8ED0026F001;
					};
					75F6DEEA1C15B8ED0026F001 = {
						CreatedOnToolsVersion = 7.1.1;
						TestTargetID = 75F6DED01C15B8ED0026F001;
					};
				};
			};
			buildConfigurationList = 75F6DECC1C15B8ED0026F001 /* Build configuration list for PBXProject "Encoder" */;
			compatibilityVersion = "Xcode 3.2";
			developmentRegion = English;
			hasScannedForEncodings = 0;
			knownRegions = (
				en,
				Base,
			);
			mainGroup = 75F6DEC81C15B8ED0026F001;
			productRefGroup = 75F6DED21C15B8ED0026F001 /* Products */;
			projectDirPath = "";
			projectRoot = "";
			targets = (
				75F6DED01C15B8ED0026F001 /* Encoder */,
				75F6DEDF1C15B8ED0026F001 /* EncoderTests */,
				75F6DEEA1C15B8ED0026F001 /* EncoderUITests */,
			);
		};
/* End PBXProject section */

/* Begin PBXResourcesBuildPhase section */
		75F6DECF1C15B8ED0026F001 /* Resources */ = {
			isa = PBXResourcesBuildPhase;
			buildActionMask = 2147483647;
			files = (
				75F6DED71C15B8ED0026F001 /* Assets.xcassets in Resources */,
				751481691C15B97B00821A87 /* MainWindowController.xib in Resources */,
				75F6DEDA1C15B8ED0026F001 /* MainMenu.xib in Resources */,
			);
			runOnlyForDeploymentPostprocessing = 0;
		};
		75F6DEDE1C15B8ED0026F001 /* Resources */ = {
			isa = PBXResourcesBuildPhase;
			buildActionMask = 2147483647;
			files = (
			);
			runOnlyForDeploymentPostprocessing = 0;
		};
		75F6DEE91C15B8ED0026F001 /* Resources */ = {
			isa = PBXResourcesBuildPhase;
			buildActionMask = 2147483647;
			files = (
			);
			runOnlyForDeploymentPostprocessing = 0;
		};
/* End PBXResourcesBuildPhase section */

/* Begin PBXSourcesBuildPhase section */
		75F6DECD1C15B8ED0026F001 /* Sources */ = {
			isa = PBXSourcesBuildPhase;
			buildActionMask = 2147483647;
			files = (
				7514816D1C15BD1600821A87 /* Encoder.swift in Sources */,
				7504AB4F1C15D0250018CCCF /* ByteDict.swift in Sources */,
				755FEDF11C15D5DE00AB99E9 /* Strings.swift in Sources */,
				751481711C15BD5900821A87 /* Data.swift in Sources */,
				7558D91E1C15CC44000E5909 /* File.swift in Sources */,
				751481681C15B97B00821A87 /* MainWindowController.swift in Sources */,
				75F6DED51C15B8ED0026F001 /* AppDelegate.swift in Sources */,
			);
			runOnlyForDeploymentPostprocessing = 0;
		};
		75F6DEDC1C15B8ED0026F001 /* Sources */ = {
			isa = PBXSourcesBuildPhase;
			buildActionMask = 2147483647;
			files = (
				75F6DEE51C15B8ED0026F001 /* EncoderTests.swift in Sources */,
			);
			runOnlyForDeploymentPostprocessing = 0;
		};
		75F6DEE71C15B8ED0026F001 /* Sources */ = {
			isa = PBXSourcesBuildPhase;
			buildActionMask = 2147483647;
			files = (
				75F6DEF01C15B8ED0026F001 /* EncoderUITests.swift in Sources */,
			);
			runOnlyForDeploymentPostprocessing = 0;
		};
/* End PBXSourcesBuildPhase section */

/* Begin PBXTargetDependency section */
		75F6DEE21C15B8ED0026F001 /* PBXTargetDependency */ = {
			isa = PBXTargetDependency;
			target = 75F6DED01C15B8ED0026F001 /* Encoder */;
			targetProxy = 75F6DEE11C15B8ED0026F001 /* PBXContainerItemProxy */;
		};
		75F6DEED1C15B8ED0026F001 /* PBXTargetDependency */ = {
			isa = PBXTargetDependency;
			target = 75F6DED01C15B8ED0026F001 /* Encoder */;
			targetProxy = 75F6DEEC1C15B8ED0026F001 /* PBXContainerItemProxy */;
		};
/* End PBXTargetDependency section */

/* Begin PBXVariantGroup section */
		75F6DED81C15B8ED0026F001 /* MainMenu.xib */ = {
			isa = PBXVariantGroup;
			children = (
				75F6DED91C15B8ED0026F001 /* Base */,
			);
			name = MainMenu.xib;
			sourceTree = "<group>";
		};
/* End PBXVariantGroup section */

/* Begin XCBuildConfiguration section */
		75F6DEF21C15B8ED0026F001 /* Debug */ = {
			isa = XCBuildConfiguration;
			buildSettings = {
				ALWAYS_SEARCH_USER_PATHS = NO;
				CLANG_CXX_LANGUAGE_STANDARD = "gnu++0x";
				CLANG_CXX_LIBRARY = "libc++";
				CLANG_ENABLE_MODULES = YES;
				CLANG_ENABLE_OBJC_ARC = YES;
				CLANG_WARN_BOOL_CONVERSION = YES;
				CLANG_WARN_CONSTANT_CONVERSION = YES;
				CLANG_WARN_DIRECT_OBJC_ISA_USAGE = YES_ERROR;
				CLANG_WARN_EMPTY_BODY = YES;
				CLANG_WARN_ENUM_CONVERSION = YES;
				CLANG_WARN_INT_CONVERSION = YES;
				CLANG_WARN_OBJC_ROOT_CLASS = YES_ERROR;
				CLANG_WARN_UNREACHABLE_CODE = YES;
				CLANG_WARN__DUPLICATE_METHOD_MATCH = YES;
				CODE_SIGN_IDENTITY = "-";
				COPY_PHASE_STRIP = NO;
				DEBUG_INFORMATION_FORMAT = dwarf;
				ENABLE_STRICT_OBJC_MSGSEND = YES;
				ENABLE_TESTABILITY = YES;
				GCC_C_LANGUAGE_STANDARD = gnu99;
				GCC_DYNAMIC_NO_PIC = NO;
				GCC_NO_COMMON_BLOCKS = YES;
				GCC_OPTIMIZATION_LEVEL = 0;
				GCC_PREPROCESSOR_DEFINITIONS = (
					"DEBUG=1",
					"$(inherited)",
				);
				GCC_WARN_64_TO_32_BIT_CONVERSION = YES;
				GCC_WARN_ABOUT_RETURN_TYPE = YES_ERROR;
				GCC_WARN_UNDECLARED_SELECTOR = YES;
				GCC_WARN_UNINITIALIZED_AUTOS = YES_AGGRESSIVE;
				GCC_WARN_UNUSED_FUNCTION = YES;
				GCC_WARN_UNUSED_VARIABLE = YES;
				MACOSX_DEPLOYMENT_TARGET = 10.11;
				MTL_ENABLE_DEBUG_INFO = YES;
				ONLY_ACTIVE_ARCH = YES;
				SDKROOT = macosx;
				SWIFT_OPTIMIZATION_LEVEL = "-Onone";
			};
			name = Debug;
		};
		75F6DEF31C15B8ED0026F001 /* Release */ = {
			isa = XCBuildConfiguration;
			buildSettings = {
				ALWAYS_SEARCH_USER_PATHS = NO;
				CLANG_CXX_LANGUAGE_STANDARD = "gnu++0x";
				CLANG_CXX_LIBRARY = "libc++";
				CLANG_ENABLE_MODULES = YES;
				CLANG_ENABLE_OBJC_ARC = YES;
				CLANG_WARN_BOOL_CONVERSION = YES;
				CLANG_WARN_CONSTANT_CONVERSION = YES;
				CLANG_WARN_DIRECT_OBJC_ISA_USAGE = YES_ERROR;
				CLANG_WARN_EMPTY_BODY = YES;
				CLANG_WARN_ENUM_CONVERSION = YES;
				CLANG_WARN_INT_CONVERSION = YES;
				CLANG_WARN_OBJC_ROOT_CLASS = YES_ERROR;
				CLANG_WARN_UNREACHABLE_CODE = YES;
				CLANG_WARN__DUPLICATE_METHOD_MATCH = YES;
				CODE_SIGN_IDENTITY = "-";
				COPY_PHASE_STRIP = NO;
				DEBUG_INFORMATION_FORMAT = "dwarf-with-dsym";
				ENABLE_NS_ASSERTIONS = NO;
				ENABLE_STRICT_OBJC_MSGSEND = YES;
				GCC_C_LANGUAGE_STANDARD = gnu99;
				GCC_NO_COMMON_BLOCKS = YES;
				GCC_WARN_64_TO_32_BIT_CONVERSION = YES;
				GCC_WARN_ABOUT_RETURN_TYPE = YES_ERROR;
				GCC_WARN_UNDECLARED_SELECTOR = YES;
				GCC_WARN_UNINITIALIZED_AUTOS = YES_AGGRESSIVE;
				GCC_WARN_UNUSED_FUNCTION = YES;
				GCC_WARN_UNUSED_VARIABLE = YES;
				MACOSX_DEPLOYMENT_TARGET = 10.11;
				MTL_ENABLE_DEBUG_INFO = NO;
				SDKROOT = macosx;
			};
			name = Release;
		};
		75F6DEF51C15B8ED0026F001 /* Debug */ = {
			isa = XCBuildConfiguration;
			buildSettings = {
				ASSETCATALOG_COMPILER_APPICON_NAME = AppIcon;
				COMBINE_HIDPI_IMAGES = YES;
				INFOPLIST_FILE = Encoder/Info.plist;
				LD_RUNPATH_SEARCH_PATHS = "$(inherited) @executable_path/../Frameworks";
				PRODUCT_BUNDLE_IDENTIFIER = te.Encoder;
				PRODUCT_NAME = "$(TARGET_NAME)";
			};
			name = Debug;
		};
		75F6DEF61C15B8ED0026F001 /* Release */ = {
			isa = XCBuildConfiguration;
			buildSettings = {
				ASSETCATALOG_COMPILER_APPICON_NAME = AppIcon;
				COMBINE_HIDPI_IMAGES = YES;
				INFOPLIST_FILE = Encoder/Info.plist;
				LD_RUNPATH_SEARCH_PATHS = "$(inherited) @executable_path/../Frameworks";
				PRODUCT_BUNDLE_IDENTIFIER = te.Encoder;
				PRODUCT_NAME = "$(TARGET_NAME)";
			};
			name = Release;
		};
		75F6DEF81C15B8ED0026F001 /* Debug */ = {
			isa = XCBuildConfiguration;
			buildSettings = {
				BUNDLE_LOADER = "$(TEST_HOST)";
				COMBINE_HIDPI_IMAGES = YES;
				INFOPLIST_FILE = EncoderTests/Info.plist;
				LD_RUNPATH_SEARCH_PATHS = "$(inherited) @executable_path/../Frameworks @loader_path/../Frameworks";
				PRODUCT_BUNDLE_IDENTIFIER = te.EncoderTests;
				PRODUCT_NAME = "$(TARGET_NAME)";
				TEST_HOST = "$(BUILT_PRODUCTS_DIR)/Encoder.app/Contents/MacOS/Encoder";
			};
			name = Debug;
		};
		75F6DEF91C15B8ED0026F001 /* Release */ = {
			isa = XCBuildConfiguration;
			buildSettings = {
				BUNDLE_LOADER = "$(TEST_HOST)";
				COMBINE_HIDPI_IMAGES = YES;
				INFOPLIST_FILE = EncoderTests/Info.plist;
				LD_RUNPATH_SEARCH_PATHS = "$(inherited) @executable_path/../Frameworks @loader_path/../Frameworks";
				PRODUCT_BUNDLE_IDENTIFIER = te.EncoderTests;
				PRODUCT_NAME = "$(TARGET_NAME)";
				TEST_HOST = "$(BUILT_PRODUCTS_DIR)/Encoder.app/Contents/MacOS/Encoder";
			};
			name = Release;
		};
		75F6DEFB1C15B8ED0026F001 /* Debug */ = {
			isa = XCBuildConfiguration;
			buildSettings = {
				COMBINE_HIDPI_IMAGES = YES;
				INFOPLIST_FILE = EncoderUITests/Info.plist;
				LD_RUNPATH_SEARCH_PATHS = "$(inherited) @executable_path/../Frameworks @loader_path/../Frameworks";
				PRODUCT_BUNDLE_IDENTIFIER = te.EncoderUITests;
				PRODUCT_NAME = "$(TARGET_NAME)";
				TEST_TARGET_NAME = Encoder;
				USES_XCTRUNNER = YES;
			};
			name = Debug;
		};
		75F6DEFC1C15B8ED0026F001 /* Release */ = {
			isa = XCBuildConfiguration;
			buildSettings = {
				COMBINE_HIDPI_IMAGES = YES;
				INFOPLIST_FILE = EncoderUITests/Info.plist;
				LD_RUNPATH_SEARCH_PATHS = "$(inherited) @executable_path/../Frameworks @loader_path/../Frameworks";
				PRODUCT_BUNDLE_IDENTIFIER = te.EncoderUITests;
				PRODUCT_NAME = "$(TARGET_NAME)";
				TEST_TARGET_NAME = Encoder;
				USES_XCTRUNNER = YES;
			};
			name = Release;
		};
/* End XCBuildConfiguration section */

/* Begin XCConfigurationList section */
		75F6DECC1C15B8ED0026F001 /* Build configuration list for PBXProject "Encoder" */ = {
			isa = XCConfigurationList;
			buildConfigurations = (
				75F6DEF21C15B8ED0026F001 /* Debug */,
				75F6DEF31C15B8ED0026F001 /* Release */,
			);
			defaultConfigurationIsVisible = 0;
			defaultConfigurationName = Release;
		};
		75F6DEF41C15B8ED0026F001 /* Build configuration list for PBXNativeTarget "Encoder" */ = {
			isa = XCConfigurationList;
			buildConfigurations = (
				75F6DEF51C15B8ED0026F001 /* Debug */,
				75F6DEF61C15B8ED0026F001 /* Release */,
			);
			defaultConfigurationIsVisible = 0;
			defaultConfigurationName = Release;
		};
		75F6DEF71C15B8ED0026F001 /* Build configuration list for PBXNativeTarget "EncoderTests" */ = {
			isa = XCConfigurationList;
			buildConfigurations = (
				75F6DEF81C15B8ED0026F001 /* Debug */,
				75F6DEF91C15B8ED0026F001 /* Release */,
			);
			defaultConfigurationIsVisible = 0;
			defaultConfigurationName = Release;
		};
		75F6DEFA1C15B8ED0026F001 /* Build configuration list for PBXNativeTarget "EncoderUITests" */ = {
			isa = XCConfigurationList;
			buildConfigurations = (
				75F6DEFB1C15B8ED0026F001 /* Debug */,
				75F6DEFC1C15B8ED0026F001 /* Release */,
			);
			defaultConfigurationIsVisible = 0;
			defaultConfigurationName = Release;
		};
/* End XCConfigurationList section */
	};
	rootObject = 75F6DEC91C15B8ED0026F001 /* Project object */;
}
